
Microsoft Visual Studio Solution File, Format Version 12.00
# Visual Studio Version 16
VisualStudioVersion = 16.0.30413.136
MinimumVisualStudioVersion = 10.0.40219.1
Project("{FAE04EC0-301F-11D3-BF4B-00C04F79EFBC}") = "Student_Alarm_Clock", "Student_Alarm_Clock\Student_Alarm_Clock.csproj", "{D9682095-CB05-4197-876A-D8751BD68608}"
EndProject
Global
	GlobalSection(SolutionConfigurationPlatforms) = preSolution
		Debug|Any CPU = Debug|Any CPU
		Release|Any CPU = Release|Any CPU
	EndGlobalSection
	GlobalSection(ProjectConfigurationPlatforms) = postSolution
		{D9682095-CB05-4197-876A-D8751BD68608}.Debug|Any CPU.ActiveCfg = Debug|Any CPU
		{D9682095-CB05-4197-876A-D8751BD68608}.Debug|Any CPU.Build.0 = Debug|Any CPU
		{D9682095-CB05-4197-876A-D8751BD68608}.Release|Any CPU.ActiveCfg = Release|Any CPU
		{D9682095-CB05-4197-876A-D8751BD68608}.Release|Any CPU.Build.0 = Release|Any CPU
	EndGlobalSection
	GlobalSection(SolutionProperties) = preSolution
		HideSolutionNode = FALSE
	EndGlobalSection
	GlobalSection(ExtensibilityGlobals) = postSolution
		SolutionGuid = {F2B05CEB-99F8-4FFC-9351-7DDBCDA76FB5}
	EndGlobalSection
EndGlobal
